{
  "name": "@leancoders/clean-git-ref-cli",
  "version": "0.0.1",
  "lockfileVersion": 1,
  "requires": true,
  "dependencies": {
    "clean-git-ref": {
      "version": "2.0.1",
      "resolved": "https://registry.npmjs.org/clean-git-ref/-/clean-git-ref-2.0.1.tgz",
      "integrity": "sha512-bLSptAy2P0s6hU4PzuIMKmMJJSE6gLXGH1cntDu7bWJUksvuM+7ReOK61mozULErYvP6a15rnYl0zFDef+pyPw=="
    }
  }
}
